
Microsoft Visual Studio Solution File, Format Version 12.00
# Visual Studio Version 17
VisualStudioVersion = 17.5.002.0
MinimumVisualStudioVersion = 10.0.40219.1
Project("{9A19103F-16F7-4668-BE54-9A1E7A4F7556}") = "Semana4", "Semana4.csproj", "{4460461A-D3D6-4ED6-8329-61DE4E200AC3}"
EndProject
Global
	GlobalSection(SolutionConfigurationPlatforms) = preSolution
		Debug|Any CPU = Debug|Any CPU
		Release|Any CPU = Release|Any CPU
	EndGlobalSection
	GlobalSection(ProjectConfigurationPlatforms) = postSolution
		{4460461A-D3D6-4ED6-8329-61DE4E200AC3}.Debug|Any CPU.ActiveCfg = Debug|Any CPU
		{4460461A-D3D6-4ED6-8329-61DE4E200AC3}.Debug|Any CPU.Build.0 = Debug|Any CPU
		{4460461A-D3D6-4ED6-8329-61DE4E200AC3}.Release|Any CPU.ActiveCfg = Release|Any CPU
		{4460461A-D3D6-4ED6-8329-61DE4E200AC3}.Release|Any CPU.Build.0 = Release|Any CPU
	EndGlobalSection
	GlobalSection(SolutionProperties) = preSolution
		HideSolutionNode = FALSE
	EndGlobalSection
	GlobalSection(ExtensibilityGlobals) = postSolution
		SolutionGuid = {49076C8A-644E-4BE2-B38B-B7BCA662CFA5}
	EndGlobalSection
EndGlobal
